
Microsoft Visual Studio Solution File, Format Version 12.00
# Visual Studio Version 16
VisualStudioVersion = 16.0.31729.503
MinimumVisualStudioVersion = 10.0.40219.1
Project("{2150E333-8FDC-42A3-9474-1A3956D46DE8}") = "src", "src", "{0DEFDA06-4DE0-4691-98D4-862BC037A827}"
EndProject
Project("{2150E333-8FDC-42A3-9474-1A3956D46DE8}") = "test", "test", "{27D916D2-71E4-4F20-885C-8FA904C36EA8}"
EndProject
Project("{2150E333-8FDC-42A3-9474-1A3956D46DE8}") = "application", "application", "{E80C0B45-C8AE-4CC0-9D01-77D0497A9BAF}"
EndProject
Project("{2150E333-8FDC-42A3-9474-1A3956D46DE8}") = "core", "core", "{1B8812FF-8665-42A6-9C29-4C892AA0D705}"
EndProject
Project("{2150E333-8FDC-42A3-9474-1A3956D46DE8}") = "domain", "domain", "{9FC92CF1-FBDD-4770-A44B-0021C94DD135}"
EndProject
Project("{2150E333-8FDC-42A3-9474-1A3956D46DE8}") = "persistence", "persistence", "{3ACF3330-9DA1-4E21-9378-1D8ECD8C937B}"
EndProject
Project("{2150E333-8FDC-42A3-9474-1A3956D46DE8}") = "presentation", "presentation", "{7A4B50B9-ECF9-473D-8347-84D7FCD24C80}"
EndProject
Project("{2150E333-8FDC-42A3-9474-1A3956D46DE8}") = "webapi", "webapi", "{94D7775E-1A44-4858-8C33-7B3E8A13E66B}"
EndProject
Project("{2150E333-8FDC-42A3-9474-1A3956D46DE8}") = "webapp", "webapp", "{1CD0F6C1-66C6-4810-8D76-8FA9FD117EBF}"
EndProject
Project("{9A19103F-16F7-4668-BE54-9A1E7A4F7556}") = "MarketApi.API", "MarketApi.API\MarketApi.API.csproj", "{582D4511-505B-4265-A835-F79D5AA5353F}"
EndProject
Project("{9A19103F-16F7-4668-BE54-9A1E7A4F7556}") = "MarketApi.Core", "MarketApi.Core\MarketApi.Core.csproj", "{E538926B-A586-4CAB-A324-844B4DAB7194}"
EndProject
Project("{9A19103F-16F7-4668-BE54-9A1E7A4F7556}") = "MarketApi.Domain", "MarketApi.Domain\MarketApi.Domain.csproj", "{6859AF4C-50F0-47A7-9822-09D723C85AAA}"
EndProject
Project("{2150E333-8FDC-42A3-9474-1A3956D46DE8}") = "infrastructure", "infrastructure", "{D855FF67-9699-4018-A41F-5EF0D28B350F}"
EndProject
Project("{2150E333-8FDC-42A3-9474-1A3956D46DE8}") = "EFCore", "EFCore", "{C088A630-8726-498B-B141-2DB71C19351A}"
EndProject
Project("{FAE04EC0-301F-11D3-BF4B-00C04F79EFBC}") = "MarketApi.Persistance.EF", "MarketApi.Persistance.EF\MarketApi.Persistance.EF.csproj", "{075F94C9-EA82-45A7-80AB-744FE6D426F2}"
EndProject
Project("{FAE04EC0-301F-11D3-BF4B-00C04F79EFBC}") = "MarketApi.Application", "MarketApi.Application\MarketApi.Application.csproj", "{D2E7DBC1-2CE5-4F12-8A6B-B6187F8EFC59}"
EndProject
Global
	GlobalSection(SolutionConfigurationPlatforms) = preSolution
		Debug|Any CPU = Debug|Any CPU
		Release|Any CPU = Release|Any CPU
	EndGlobalSection
	GlobalSection(ProjectConfigurationPlatforms) = postSolution
		{582D4511-505B-4265-A835-F79D5AA5353F}.Debug|Any CPU.ActiveCfg = Debug|Any CPU
		{582D4511-505B-4265-A835-F79D5AA5353F}.Debug|Any CPU.Build.0 = Debug|Any CPU
		{582D4511-505B-4265-A835-F79D5AA5353F}.Release|Any CPU.ActiveCfg = Release|Any CPU
		{582D4511-505B-4265-A835-F79D5AA5353F}.Release|Any CPU.Build.0 = Release|Any CPU
		{E538926B-A586-4CAB-A324-844B4DAB7194}.Debug|Any CPU.ActiveCfg = Debug|Any CPU
		{E538926B-A586-4CAB-A324-844B4DAB7194}.Debug|Any CPU.Build.0 = Debug|Any CPU
		{E538926B-A586-4CAB-A324-844B4DAB7194}.Release|Any CPU.ActiveCfg = Release|Any CPU
		{E538926B-A586-4CAB-A324-844B4DAB7194}.Release|Any CPU.Build.0 = Release|Any CPU
		{6859AF4C-50F0-47A7-9822-09D723C85AAA}.Debug|Any CPU.ActiveCfg = Debug|Any CPU
		{6859AF4C-50F0-47A7-9822-09D723C85AAA}.Debug|Any CPU.Build.0 = Debug|Any CPU
		{6859AF4C-50F0-47A7-9822-09D723C85AAA}.Release|Any CPU.ActiveCfg = Release|Any CPU
		{6859AF4C-50F0-47A7-9822-09D723C85AAA}.Release|Any CPU.Build.0 = Release|Any CPU
		{075F94C9-EA82-45A7-80AB-744FE6D426F2}.Debug|Any CPU.ActiveCfg = Debug|Any CPU
		{075F94C9-EA82-45A7-80AB-744FE6D426F2}.Debug|Any CPU.Build.0 = Debug|Any CPU
		{075F94C9-EA82-45A7-80AB-744FE6D426F2}.Release|Any CPU.ActiveCfg = Release|Any CPU
		{075F94C9-EA82-45A7-80AB-744FE6D426F2}.Release|Any CPU.Build.0 = Release|Any CPU
		{D2E7DBC1-2CE5-4F12-8A6B-B6187F8EFC59}.Debug|Any CPU.ActiveCfg = Debug|Any CPU
		{D2E7DBC1-2CE5-4F12-8A6B-B6187F8EFC59}.Debug|Any CPU.Build.0 = Debug|Any CPU
		{D2E7DBC1-2CE5-4F12-8A6B-B6187F8EFC59}.Release|Any CPU.ActiveCfg = Release|Any CPU
		{D2E7DBC1-2CE5-4F12-8A6B-B6187F8EFC59}.Release|Any CPU.Build.0 = Release|Any CPU
	EndGlobalSection
	GlobalSection(SolutionProperties) = preSolution
		HideSolutionNode = FALSE
	EndGlobalSection
	GlobalSection(NestedProjects) = preSolution
		{E80C0B45-C8AE-4CC0-9D01-77D0497A9BAF} = {0DEFDA06-4DE0-4691-98D4-862BC037A827}
		{1B8812FF-8665-42A6-9C29-4C892AA0D705} = {0DEFDA06-4DE0-4691-98D4-862BC037A827}
		{9FC92CF1-FBDD-4770-A44B-0021C94DD135} = {0DEFDA06-4DE0-4691-98D4-862BC037A827}
		{3ACF3330-9DA1-4E21-9378-1D8ECD8C937B} = {0DEFDA06-4DE0-4691-98D4-862BC037A827}
		{7A4B50B9-ECF9-473D-8347-84D7FCD24C80} = {0DEFDA06-4DE0-4691-98D4-862BC037A827}
		{94D7775E-1A44-4858-8C33-7B3E8A13E66B} = {7A4B50B9-ECF9-473D-8347-84D7FCD24C80}
		{1CD0F6C1-66C6-4810-8D76-8FA9FD117EBF} = {7A4B50B9-ECF9-473D-8347-84D7FCD24C80}
		{582D4511-505B-4265-A835-F79D5AA5353F} = {94D7775E-1A44-4858-8C33-7B3E8A13E66B}
		{E538926B-A586-4CAB-A324-844B4DAB7194} = {1B8812FF-8665-42A6-9C29-4C892AA0D705}
		{6859AF4C-50F0-47A7-9822-09D723C85AAA} = {9FC92CF1-FBDD-4770-A44B-0021C94DD135}
		{D855FF67-9699-4018-A41F-5EF0D28B350F} = {0DEFDA06-4DE0-4691-98D4-862BC037A827}
		{C088A630-8726-498B-B141-2DB71C19351A} = {3ACF3330-9DA1-4E21-9378-1D8ECD8C937B}
		{075F94C9-EA82-45A7-80AB-744FE6D426F2} = {C088A630-8726-498B-B141-2DB71C19351A}
		{D2E7DBC1-2CE5-4F12-8A6B-B6187F8EFC59} = {E80C0B45-C8AE-4CC0-9D01-77D0497A9BAF}
	EndGlobalSection
	GlobalSection(ExtensibilityGlobals) = postSolution
		SolutionGuid = {157ACCC6-6EAD-456E-AE77-BDE7B811FDFD}
	EndGlobalSection
EndGlobal
